<?xml version="1.0" encoding="utf-8"?>
<Project ToolsVersion="4.0" xmlns="http://schemas.microsoft.com/developer/msbuild/2003">
  <ItemGroup>
    <ClCompile Include="src\ofApp.cpp">
      <Filter>src</Filter>
    </ClCompile>
    <ClCompile Include="src\main.cpp">
      <Filter>src</Filter>
    </ClCompile>
    <ClCompile Include="src\ClockPattern.cpp">
      <Filter>src</Filter>
    </ClCompile>
    <ClCompile Include="src\SheetCanvas.cpp">
      <Filter>src</Filter>
    </ClCompile>
    <ClCompile Include="src\SheetStream.cpp">
      <Filter>src</Filter>
    </ClCompile>
    <ClCompile Include="src\StreamInput.cpp">
      <Filter>src</Filter>
    </ClCompile>
    <ClCompile Include="src\StreamInput\Platform\Windows\WiaScannerInput.cpp">
      <Filter>src\StreamInput\Platform\Windows</Filter>
    </ClCompile>
    <ClCompile Include="src\StreamInput\Platform\Windows\CWiaTransferCallback.cpp">
      <Filter>src\StreamInput\Platform\Windows</Filter>
    </ClCompile>
    <ClCompile Include="src\StreamInput\Platform\Windows\WiaCommon.cpp">
      <Filter>src\StreamInput\Platform\Windows</Filter>
    </ClCompile>
    <ClCompile Include="src\StreamInput\Platform\Windows\CWiaDataCallback.cpp">
      <Filter>src\StreamInput\Platform\Windows</Filter>
    </ClCompile>
    <ClCompile Include="src\StreamInput\Platform\Windows\BitmapUtil.cpp">
      <Filter>src\StreamInput\Platform\Windows</Filter>
    </ClCompile>
    <ClCompile Include="src\StreamInput\Platform\Windows\WiaScannerInput2.cpp">
      <Filter>src\StreamInput\Platform\Windows</Filter>
    </ClCompile>
  </ItemGroup>
  <ItemGroup>
    <Filter Include="src">
      <UniqueIdentifier>{d8376475-7454-4a24-b08a-aac121d3ad6f}</UniqueIdentifier>
    </Filter>
    <Filter Include="addons">
      <UniqueIdentifier>{497d7f72-9813-4173-abe7-0dc5be3fa124}</UniqueIdentifier>
    </Filter>
    <Filter Include="src\StreamInput">
      <UniqueIdentifier>{2862afaa-4265-46da-b83d-f57654fa7e99}</UniqueIdentifier>
    </Filter>
    <Filter Include="src\StreamInput\Platform">
      <UniqueIdentifier>{c627b73b-99b9-4328-bbc6-424c3c48286b}</UniqueIdentifier>
    </Filter>
    <Filter Include="src\StreamInput\Platform\Windows">
      <UniqueIdentifier>{96b7d337-c9fa-429e-9ea2-423de164e8cc}</UniqueIdentifier>
    </Filter>
  </ItemGroup>
  <ItemGroup>
    <ClInclude Include="src\ofApp.h">
      <Filter>src</Filter>
    </ClInclude>
    <ClInclude Include="src\ClockPattern.h">
      <Filter>src</Filter>
    </ClInclude>
    <ClInclude Include="src\SheetCanvas.h">
      <Filter>src</Filter>
    </ClInclude>
    <ClInclude Include="src\SheetStream.h">
      <Filter>src</Filter>
    </ClInclude>
    <ClInclude Include="src\StreamInput.h">
      <Filter>src</Filter>
    </ClInclude>
    <ClInclude Include="src\StreamInput\Platform\Windows\CWiaTransferCallback.h">
      <Filter>src\StreamInput\Platform\Windows</Filter>
    </ClInclude>
    <ClInclude Include="src\StreamInput\Platform\Windows\WiaScannerInput.h">
      <Filter>src\StreamInput\Platform\Windows</Filter>
    </ClInclude>
    <ClInclude Include="src\StreamInput\Platform\Windows\WiaCommon.h">
      <Filter>src\StreamInput\Platform\Windows</Filter>
    </ClInclude>
    <ClInclude Include="src\StreamEvent.h">
      <Filter>src</Filter>
    </ClInclude>
    <ClInclude Include="src\StreamInput\Platform\Windows\CWiaDataCallback.h">
      <Filter>src\StreamInput\Platform\Windows</Filter>
    </ClInclude>
    <ClInclude Include="src\StreamInput\Platform\Windows\BitmapUtil.h">
      <Filter>src\StreamInput\Platform\Windows</Filter>
    </ClInclude>
    <ClInclude Include="src\StreamInput\Platform\Windows\WiaScannerInput2.h">
      <Filter>src\StreamInput\Platform\Windows</Filter>
    </ClInclude>
    <ClInclude Include="src\StreamInput\ScannerInput.h">
      <Filter>src\StreamInput</Filter>
    </ClInclude>
    <ClInclude Include="src\StreamInput\Platform\Windows\CComPtrArray.h">
      <Filter>src\StreamInput\Platform\Windows</Filter>
    </ClInclude>
    <ClInclude Include="src\StreamInput\ScannerInputEvent.h">
      <Filter>src\StreamInput</Filter>
    </ClInclude>
  </ItemGroup>
  <ItemGroup>
    <ResourceCompile Include="icon.rc" />
  </ItemGroup>
</Project>